// !$*UTF8*$!
{
	archiveVersion = 1;
	classes = {
	};
	objectVersion = 55;
	objects = {

/* Begin PBXBuildFile section */
		395A94AF27880CEF0016DA3C /* CategoryCell.swift in Sources */ = {isa = PBXBuildFile; fileRef = 395A94AE27880CEF0016DA3C /* CategoryCell.swift */; };
		39D6F63527853E170096B1B7 /* AppDelegate.swift in Sources */ = {isa = PBXBuildFile; fileRef = 39D6F63427853E170096B1B7 /* AppDelegate.swift */; };
		39D6F63727853E170096B1B7 /* SceneDelegate.swift in Sources */ = {isa = PBXBuildFile; fileRef = 39D6F63627853E170096B1B7 /* SceneDelegate.swift */; };
		39D6F63927853E170096B1B7 /* CategoriesTableVC.swift in Sources */ = {isa = PBXBuildFile; fileRef = 39D6F63827853E170096B1B7 /* CategoriesTableVC.swift */; };
		39D6F63C27853E170096B1B7 /* Main.storyboard in Resources */ = {isa = PBXBuildFile; fileRef = 39D6F63A27853E170096B1B7 /* Main.storyboard */; };
		39D6F63E27853E190096B1B7 /* Assets.xcassets in Resources */ = {isa = PBXBuildFile; fileRef = 39D6F63D27853E190096B1B7 /* Assets.xcassets */; };
		39D6F64127853E190096B1B7 /* LaunchScreen.storyboard in Resources */ = {isa = PBXBuildFile; fileRef = 39D6F63F27853E190096B1B7 /* LaunchScreen.storyboard */; };
		39D6F64C27853E190096B1B7 /* FoodWikiTests.swift in Sources */ = {isa = PBXBuildFile; fileRef = 39D6F64B27853E190096B1B7 /* FoodWikiTests.swift */; };
		39D6F65627853E190096B1B7 /* FoodWikiUITests.swift in Sources */ = {isa = PBXBuildFile; fileRef = 39D6F65527853E190096B1B7 /* FoodWikiUITests.swift */; };
		39D6F65827853E190096B1B7 /* FoodWikiUITestsLaunchTests.swift in Sources */ = {isa = PBXBuildFile; fileRef = 39D6F65727853E190096B1B7 /* FoodWikiUITestsLaunchTests.swift */; };
		39D6F66927855A3A0096B1B7 /* NetworkService.swift in Sources */ = {isa = PBXBuildFile; fileRef = 39D6F66827855A3A0096B1B7 /* NetworkService.swift */; };
		39D6F66B278563B80096B1B7 /* Category.swift in Sources */ = {isa = PBXBuildFile; fileRef = 39D6F66A278563B80096B1B7 /* Category.swift */; };
		39D6F66D2785722D0096B1B7 /* DataService.swift in Sources */ = {isa = PBXBuildFile; fileRef = 39D6F66C2785722C0096B1B7 /* DataService.swift */; };
		39FB038927893EE0006EF328 /* Utilities.swift in Sources */ = {isa = PBXBuildFile; fileRef = 39FB038827893EE0006EF328 /* Utilities.swift */; };
		39FB038B278A8307006EF328 /* CategoryDetailsVC.swift in Sources */ = {isa = PBXBuildFile; fileRef = 39FB038A278A8307006EF328 /* CategoryDetailsVC.swift */; };
		39FB038D278AB9BC006EF328 /* MealCell.swift in Sources */ = {isa = PBXBuildFile; fileRef = 39FB038C278AB9BB006EF328 /* MealCell.swift */; };
		39FB038F278ABAA3006EF328 /* MealsTableVC.swift in Sources */ = {isa = PBXBuildFile; fileRef = 39FB038E278ABAA3006EF328 /* MealsTableVC.swift */; };
		39FB0391278ABB6B006EF328 /* MealInfo.swift in Sources */ = {isa = PBXBuildFile; fileRef = 39FB0390278ABB6B006EF328 /* MealInfo.swift */; };
/* End PBXBuildFile section */

/* Begin PBXContainerItemProxy section */
		39D6F64827853E190096B1B7 /* PBXContainerItemProxy */ = {
			isa = PBXContainerItemProxy;
			containerPortal = 39D6F62927853E160096B1B7 /* Project object */;
			proxyType = 1;
			remoteGlobalIDString = 39D6F63027853E170096B1B7;
			remoteInfo = FoodWiki;
		};
		39D6F65227853E190096B1B7 /* PBXContainerItemProxy */ = {
			isa = PBXContainerItemProxy;
			containerPortal = 39D6F62927853E160096B1B7 /* Project object */;
			proxyType = 1;
			remoteGlobalIDString = 39D6F63027853E170096B1B7;
			remoteInfo = FoodWiki;
		};
/* End PBXContainerItemProxy section */

/* Begin PBXFileReference section */
		395A94AE27880CEF0016DA3C /* CategoryCell.swift */ = {isa = PBXFileReference; lastKnownFileType = sourcecode.swift; path = CategoryCell.swift; sourceTree = "<group>"; };
		39D6F63127853E170096B1B7 /* FoodWiki.app */ = {isa = PBXFileReference; explicitFileType = wrapper.application; includeInIndex = 0; path = FoodWiki.app; sourceTree = BUILT_PRODUCTS_DIR; };
		39D6F63427853E170096B1B7 /* AppDelegate.swift */ = {isa = PBXFileReference; lastKnownFileType = sourcecode.swift; path = AppDelegate.swift; sourceTree = "<group>"; };
		39D6F63627853E170096B1B7 /* SceneDelegate.swift */ = {isa = PBXFileReference; lastKnownFileType = sourcecode.swift; path = SceneDelegate.swift; sourceTree = "<group>"; };
		39D6F63827853E170096B1B7 /* CategoriesTableVC.swift */ = {isa = PBXFileReference; lastKnownFileType = sourcecode.swift; path = CategoriesTableVC.swift; sourceTree = "<group>"; };
		39D6F63B27853E170096B1B7 /* Base */ = {isa = PBXFileReference; lastKnownFileType = file.storyboard; name = Base; path = Base.lproj/Main.storyboard; sourceTree = "<group>"; };
		39D6F63D27853E190096B1B7 /* Assets.xcassets */ = {isa = PBXFileReference; lastKnownFileType = folder.assetcatalog; path = Assets.xcassets; sourceTree = "<group>"; };
		39D6F64027853E190096B1B7 /* Base */ = {isa = PBXFileReference; lastKnownFileType = file.storyboard; name = Base; path = Base.lproj/LaunchScreen.storyboard; sourceTree = "<group>"; };
		39D6F64227853E190096B1B7 /* Info.plist */ = {isa = PBXFileReference; lastKnownFileType = text.plist.xml; path = Info.plist; sourceTree = "<group>"; };
		39D6F64727853E190096B1B7 /* FoodWikiTests.xctest */ = {isa = PBXFileReference; explicitFileType = wrapper.cfbundle; includeInIndex = 0; path = FoodWikiTests.xctest; sourceTree = BUILT_PRODUCTS_DIR; };
		39D6F64B27853E190096B1B7 /* FoodWikiTests.swift */ = {isa = PBXFileReference; lastKnownFileType = sourcecode.swift; path = FoodWikiTests.swift; sourceTree = "<group>"; };
		39D6F65127853E190096B1B7 /* FoodWikiUITests.xctest */ = {isa = PBXFileReference; explicitFileType = wrapper.cfbundle; includeInIndex = 0; path = FoodWikiUITests.xctest; sourceTree = BUILT_PRODUCTS_DIR; };
		39D6F65527853E190096B1B7 /* FoodWikiUITests.swift */ = {isa = PBXFileReference; lastKnownFileType = sourcecode.swift; path = FoodWikiUITests.swift; sourceTree = "<group>"; };
		39D6F65727853E190096B1B7 /* FoodWikiUITestsLaunchTests.swift */ = {isa = PBXFileReference; lastKnownFileType = sourcecode.swift; path = FoodWikiUITestsLaunchTests.swift; sourceTree = "<group>"; };
		39D6F66827855A3A0096B1B7 /* NetworkService.swift */ = {isa = PBXFileReference; lastKnownFileType = sourcecode.swift; path = NetworkService.swift; sourceTree = "<group>"; };
		39D6F66A278563B80096B1B7 /* Category.swift */ = {isa = PBXFileReference; lastKnownFileType = sourcecode.swift; path = Category.swift; sourceTree = "<group>"; };
		39D6F66C2785722C0096B1B7 /* DataService.swift */ = {isa = PBXFileReference; lastKnownFileType = sourcecode.swift; path = DataService.swift; sourceTree = "<group>"; };
		39FB038827893EE0006EF328 /* Utilities.swift */ = {isa = PBXFileReference; lastKnownFileType = sourcecode.swift; path = Utilities.swift; sourceTree = "<group>"; };
		39FB038A278A8307006EF328 /* CategoryDetailsVC.swift */ = {isa = PBXFileReference; lastKnownFileType = sourcecode.swift; path = CategoryDetailsVC.swift; sourceTree = "<group>"; };
		39FB038C278AB9BB006EF328 /* MealCell.swift */ = {isa = PBXFileReference; lastKnownFileType = sourcecode.swift; path = MealCell.swift; sourceTree = "<group>"; };
		39FB038E278ABAA3006EF328 /* MealsTableVC.swift */ = {isa = PBXFileReference; lastKnownFileType = sourcecode.swift; path = MealsTableVC.swift; sourceTree = "<group>"; };
		39FB0390278ABB6B006EF328 /* MealInfo.swift */ = {isa = PBXFileReference; lastKnownFileType = sourcecode.swift; path = MealInfo.swift; sourceTree = "<group>"; };
/* End PBXFileReference section */

/* Begin PBXFrameworksBuildPhase section */
		39D6F62E27853E170096B1B7 /* Frameworks */ = {
			isa = PBXFrameworksBuildPhase;
			buildActionMask = 2147483647;
			files = (
			);
			runOnlyForDeploymentPostprocessing = 0;
		};
		39D6F64427853E190096B1B7 /* Frameworks */ = {
			isa = PBXFrameworksBuildPhase;
			buildActionMask = 2147483647;
			files = (
			);
			runOnlyForDeploymentPostprocessing = 0;
		};
		39D6F64E27853E190096B1B7 /* Frameworks */ = {
			isa = PBXFrameworksBuildPhase;
			buildActionMask = 2147483647;
			files = (
			);
			runOnlyForDeploymentPostprocessing = 0;
		};
/* End PBXFrameworksBuildPhase section */

/* Begin PBXGroup section */
		39D6F62827853E160096B1B7 = {
			isa = PBXGroup;
			children = (
				39D6F63327853E170096B1B7 /* FoodWiki */,
				39D6F64A27853E190096B1B7 /* FoodWikiTests */,
				39D6F65427853E190096B1B7 /* FoodWikiUITests */,
				39D6F63227853E170096B1B7 /* Products */,
			);
			sourceTree = "<group>";
		};
		39D6F63227853E170096B1B7 /* Products */ = {
			isa = PBXGroup;
			children = (
				39D6F63127853E170096B1B7 /* FoodWiki.app */,
				39D6F64727853E190096B1B7 /* FoodWikiTests.xctest */,
				39D6F65127853E190096B1B7 /* FoodWikiUITests.xctest */,
			);
			name = Products;
			sourceTree = "<group>";
		};
		39D6F63327853E170096B1B7 /* FoodWiki */ = {
			isa = PBXGroup;
			children = (
				39D6F665278559820096B1B7 /* Model */,
				39D6F6662785598E0096B1B7 /* View */,
				39D6F664278559790096B1B7 /* Controller */,
				39D6F6672785599F0096B1B7 /* Service */,
				39D6F63427853E170096B1B7 /* AppDelegate.swift */,
				39D6F63627853E170096B1B7 /* SceneDelegate.swift */,
				39D6F63A27853E170096B1B7 /* Main.storyboard */,
				39D6F63D27853E190096B1B7 /* Assets.xcassets */,
				39D6F63F27853E190096B1B7 /* LaunchScreen.storyboard */,
				39D6F64227853E190096B1B7 /* Info.plist */,
				39FB038827893EE0006EF328 /* Utilities.swift */,
			);
			path = FoodWiki;
			sourceTree = "<group>";
		};
		39D6F64A27853E190096B1B7 /* FoodWikiTests */ = {
			isa = PBXGroup;
			children = (
				39D6F64B27853E190096B1B7 /* FoodWikiTests.swift */,
			);
			path = FoodWikiTests;
			sourceTree = "<group>";
		};
		39D6F65427853E190096B1B7 /* FoodWikiUITests */ = {
			isa = PBXGroup;
			children = (
				39D6F65527853E190096B1B7 /* FoodWikiUITests.swift */,
				39D6F65727853E190096B1B7 /* FoodWikiUITestsLaunchTests.swift */,
			);
			path = FoodWikiUITests;
			sourceTree = "<group>";
		};
		39D6F664278559790096B1B7 /* Controller */ = {
			isa = PBXGroup;
			children = (
				39D6F63827853E170096B1B7 /* CategoriesTableVC.swift */,
				39FB038A278A8307006EF328 /* CategoryDetailsVC.swift */,
				39FB038E278ABAA3006EF328 /* MealsTableVC.swift */,
			);
			path = Controller;
			sourceTree = "<group>";
		};
		39D6F665278559820096B1B7 /* Model */ = {
			isa = PBXGroup;
			children = (
				39D6F66A278563B80096B1B7 /* Category.swift */,
				39FB0390278ABB6B006EF328 /* MealInfo.swift */,
			);
			path = Model;
			sourceTree = "<group>";
		};
		39D6F6662785598E0096B1B7 /* View */ = {
			isa = PBXGroup;
			children = (
				395A94AE27880CEF0016DA3C /* CategoryCell.swift */,
				39FB038C278AB9BB006EF328 /* MealCell.swift */,
			);
			path = View;
			sourceTree = "<group>";
		};
		39D6F6672785599F0096B1B7 /* Service */ = {
			isa = PBXGroup;
			children = (
				39D6F66827855A3A0096B1B7 /* NetworkService.swift */,
				39D6F66C2785722C0096B1B7 /* DataService.swift */,
			);
			path = Service;
			sourceTree = "<group>";
		};
/* End PBXGroup section */

/* Begin PBXNativeTarget section */
		39D6F63027853E170096B1B7 /* FoodWiki */ = {
			isa = PBXNativeTarget;
			buildConfigurationList = 39D6F65B27853E190096B1B7 /* Build configuration list for PBXNativeTarget "FoodWiki" */;
			buildPhases = (
				39D6F62D27853E170096B1B7 /* Sources */,
				39D6F62E27853E170096B1B7 /* Frameworks */,
				39D6F62F27853E170096B1B7 /* Resources */,
			);
			buildRules = (
			);
			dependencies = (
			);
			name = FoodWiki;
			productName = FoodWiki;
			productReference = 39D6F63127853E170096B1B7 /* FoodWiki.app */;
			productType = "com.apple.product-type.application";
		};
		39D6F64627853E190096B1B7 /* FoodWikiTests */ = {
			isa = PBXNativeTarget;
			buildConfigurationList = 39D6F65E27853E190096B1B7 /* Build configuration list for PBXNativeTarget "FoodWikiTests" */;
			buildPhases = (
				39D6F64327853E190096B1B7 /* Sources */,
				39D6F64427853E190096B1B7 /* Frameworks */,
				39D6F64527853E190096B1B7 /* Resources */,
			);
			buildRules = (
			);
			dependencies = (
				39D6F64927853E190096B1B7 /* PBXTargetDependency */,
			);
			name = FoodWikiTests;
			productName = FoodWikiTests;
			productReference = 39D6F64727853E190096B1B7 /* FoodWikiTests.xctest */;
			productType = "com.apple.product-type.bundle.unit-test";
		};
		39D6F65027853E190096B1B7 /* FoodWikiUITests */ = {
			isa = PBXNativeTarget;
			buildConfigurationList = 39D6F66127853E190096B1B7 /* Build configuration list for PBXNativeTarget "FoodWikiUITests" */;
			buildPhases = (
				39D6F64D27853E190096B1B7 /* Sources */,
				39D6F64E27853E190096B1B7 /* Frameworks */,
				39D6F64F27853E190096B1B7 /* Resources */,
			);
			buildRules = (
			);
			dependencies = (
				39D6F65327853E190096B1B7 /* PBXTargetDependency */,
			);
			name = FoodWikiUITests;
			productName = FoodWikiUITests;
			productReference = 39D6F65127853E190096B1B7 /* FoodWikiUITests.xctest */;
			productType = "com.apple.product-type.bundle.ui-testing";
		};
/* End PBXNativeTarget section */

/* Begin PBXProject section */
		39D6F62927853E160096B1B7 /* Project object */ = {
			isa = PBXProject;
			attributes = {
				BuildIndependentTargetsInParallel = 1;
				LastSwiftUpdateCheck = 1320;
				LastUpgradeCheck = 1320;
				TargetAttributes = {
					39D6F63027853E170096B1B7 = {
						CreatedOnToolsVersion = 13.2.1;
					};
					39D6F64627853E190096B1B7 = {
						CreatedOnToolsVersion = 13.2.1;
						TestTargetID = 39D6F63027853E170096B1B7;
					};
					39D6F65027853E190096B1B7 = {
						CreatedOnToolsVersion = 13.2.1;
						TestTargetID = 39D6F63027853E170096B1B7;
					};
				};
			};
			buildConfigurationList = 39D6F62C27853E170096B1B7 /* Build configuration list for PBXProject "FoodWiki" */;
			compatibilityVersion = "Xcode 13.0";
			developmentRegion = en;
			hasScannedForEncodings = 0;
			knownRegions = (
				en,
				Base,
			);
			mainGroup = 39D6F62827853E160096B1B7;
			productRefGroup = 39D6F63227853E170096B1B7 /* Products */;
			projectDirPath = "";
			projectRoot = "";
			targets = (
				39D6F63027853E170096B1B7 /* FoodWiki */,
				39D6F64627853E190096B1B7 /* FoodWikiTests */,
				39D6F65027853E190096B1B7 /* FoodWikiUITests */,
			);
		};
/* End PBXProject section */

/* Begin PBXResourcesBuildPhase section */
		39D6F62F27853E170096B1B7 /* Resources */ = {
			isa = PBXResourcesBuildPhase;
			buildActionMask = 2147483647;
			files = (
				39D6F64127853E190096B1B7 /* LaunchScreen.storyboard in Resources */,
				39D6F63E27853E190096B1B7 /* Assets.xcassets in Resources */,
				39D6F63C27853E170096B1B7 /* Main.storyboard in Resources */,
			);
			runOnlyForDeploymentPostprocessing = 0;
		};
		39D6F64527853E190096B1B7 /* Resources */ = {
			isa = PBXResourcesBuildPhase;
			buildActionMask = 2147483647;
			files = (
			);
			runOnlyForDeploymentPostprocessing = 0;
		};
		39D6F64F27853E190096B1B7 /* Resources */ = {
			isa = PBXResourcesBuildPhase;
			buildActionMask = 2147483647;
			files = (
			);
			runOnlyForDeploymentPostprocessing = 0;
		};
/* End PBXResourcesBuildPhase section */

/* Begin PBXSourcesBuildPhase section */
		39D6F62D27853E170096B1B7 /* Sources */ = {
			isa = PBXSourcesBuildPhase;
			buildActionMask = 2147483647;
			files = (
				39FB0391278ABB6B006EF328 /* MealInfo.swift in Sources */,
				39FB038D278AB9BC006EF328 /* MealCell.swift in Sources */,
				39D6F63927853E170096B1B7 /* CategoriesTableVC.swift in Sources */,
				39FB038B278A8307006EF328 /* CategoryDetailsVC.swift in Sources */,
				39FB038F278ABAA3006EF328 /* MealsTableVC.swift in Sources */,
				39D6F66B278563B80096B1B7 /* Category.swift in Sources */,
				39D6F63527853E170096B1B7 /* AppDelegate.swift in Sources */,
				395A94AF27880CEF0016DA3C /* CategoryCell.swift in Sources */,
				39D6F66D2785722D0096B1B7 /* DataService.swift in Sources */,
				39D6F66927855A3A0096B1B7 /* NetworkService.swift in Sources */,
				39FB038927893EE0006EF328 /* Utilities.swift in Sources */,
				39D6F63727853E170096B1B7 /* SceneDelegate.swift in Sources */,
			);
			runOnlyForDeploymentPostprocessing = 0;
		};
		39D6F64327853E190096B1B7 /* Sources */ = {
			isa = PBXSourcesBuildPhase;
			buildActionMask = 2147483647;
			files = (
				39D6F64C27853E190096B1B7 /* FoodWikiTests.swift in Sources */,
			);
			runOnlyForDeploymentPostprocessing = 0;
		};
		39D6F64D27853E190096B1B7 /* Sources */ = {
			isa = PBXSourcesBuildPhase;
			buildActionMask = 2147483647;
			files = (
				39D6F65827853E190096B1B7 /* FoodWikiUITestsLaunchTests.swift in Sources */,
				39D6F65627853E190096B1B7 /* FoodWikiUITests.swift in Sources */,
			);
			runOnlyForDeploymentPostprocessing = 0;
		};
/* End PBXSourcesBuildPhase section */

/* Begin PBXTargetDependency section */
		39D6F64927853E190096B1B7 /* PBXTargetDependency */ = {
			isa = PBXTargetDependency;
			target = 39D6F63027853E170096B1B7 /* FoodWiki */;
			targetProxy = 39D6F64827853E190096B1B7 /* PBXContainerItemProxy */;
		};
		39D6F65327853E190096B1B7 /* PBXTargetDependency */ = {
			isa = PBXTargetDependency;
			target = 39D6F63027853E170096B1B7 /* FoodWiki */;
			targetProxy = 39D6F65227853E190096B1B7 /* PBXContainerItemProxy */;
		};
/* End PBXTargetDependency section */

/* Begin PBXVariantGroup section */
		39D6F63A27853E170096B1B7 /* Main.storyboard */ = {
			isa = PBXVariantGroup;
			children = (
				39D6F63B27853E170096B1B7 /* Base */,
			);
			name = Main.storyboard;
			sourceTree = "<group>";
		};
		39D6F63F27853E190096B1B7 /* LaunchScreen.storyboard */ = {
			isa = PBXVariantGroup;
			children = (
				39D6F64027853E190096B1B7 /* Base */,
			);
			name = LaunchScreen.storyboard;
			sourceTree = "<group>";
		};
/* End PBXVariantGroup section */

/* Begin XCBuildConfiguration section */
		39D6F65927853E190096B1B7 /* Debug */ = {
			isa = XCBuildConfiguration;
			buildSettings = {
				ALWAYS_SEARCH_USER_PATHS = NO;
				CLANG_ANALYZER_NONNULL = YES;
				CLANG_ANALYZER_NUMBER_OBJECT_CONVERSION = YES_AGGRESSIVE;
				CLANG_CXX_LANGUAGE_STANDARD = "gnu++17";
				CLANG_CXX_LIBRARY = "libc++";
				CLANG_ENABLE_MODULES = YES;
				CLANG_ENABLE_OBJC_ARC = YES;
				CLANG_ENABLE_OBJC_WEAK = YES;
				CLANG_WARN_BLOCK_CAPTURE_AUTORELEASING = YES;
				CLANG_WARN_BOOL_CONVERSION = YES;
				CLANG_WARN_COMMA = YES;
				CLANG_WARN_CONSTANT_CONVERSION = YES;
				CLANG_WARN_DEPRECATED_OBJC_IMPLEMENTATIONS = YES;
				CLANG_WARN_DIRECT_OBJC_ISA_USAGE = YES_ERROR;
				CLANG_WARN_DOCUMENTATION_COMMENTS = YES;
				CLANG_WARN_EMPTY_BODY = YES;
				CLANG_WARN_ENUM_CONVERSION = YES;
				CLANG_WARN_INFINITE_RECURSION = YES;
				CLANG_WARN_INT_CONVERSION = YES;
				CLANG_WARN_NON_LITERAL_NULL_CONVERSION = YES;
				CLANG_WARN_OBJC_IMPLICIT_RETAIN_SELF = YES;
				CLANG_WARN_OBJC_LITERAL_CONVERSION = YES;
				CLANG_WARN_OBJC_ROOT_CLASS = YES_ERROR;
				CLANG_WARN_QUOTED_INCLUDE_IN_FRAMEWORK_HEADER = YES;
				CLANG_WARN_RANGE_LOOP_ANALYSIS = YES;
				CLANG_WARN_STRICT_PROTOTYPES = YES;
				CLANG_WARN_SUSPICIOUS_MOVE = YES;
				CLANG_WARN_UNGUARDED_AVAILABILITY = YES_AGGRESSIVE;
				CLANG_WARN_UNREACHABLE_CODE = YES;
				CLANG_WARN__DUPLICATE_METHOD_MATCH = YES;
				COPY_PHASE_STRIP = NO;
				DEBUG_INFORMATION_FORMAT = dwarf;
				ENABLE_STRICT_OBJC_MSGSEND = YES;
				ENABLE_TESTABILITY = YES;
				GCC_C_LANGUAGE_STANDARD = gnu11;
				GCC_DYNAMIC_NO_PIC = NO;
				GCC_NO_COMMON_BLOCKS = YES;
				GCC_OPTIMIZATION_LEVEL = 0;
				GCC_PREPROCESSOR_DEFINITIONS = (
					"DEBUG=1",
					"$(inherited)",
				);
				GCC_WARN_64_TO_32_BIT_CONVERSION = YES;
				GCC_WARN_ABOUT_RETURN_TYPE = YES_ERROR;
				GCC_WARN_UNDECLARED_SELECTOR = YES;
				GCC_WARN_UNINITIALIZED_AUTOS = YES_AGGRESSIVE;
				GCC_WARN_UNUSED_FUNCTION = YES;
				GCC_WARN_UNUSED_VARIABLE = YES;
				IPHONEOS_DEPLOYMENT_TARGET = 15.2;
				MTL_ENABLE_DEBUG_INFO = INCLUDE_SOURCE;
				MTL_FAST_MATH = YES;
				ONLY_ACTIVE_ARCH = YES;
				SDKROOT = iphoneos;
				SWIFT_ACTIVE_COMPILATION_CONDITIONS = DEBUG;
				SWIFT_OPTIMIZATION_LEVEL = "-Onone";
			};
			name = Debug;
		};
		39D6F65A27853E190096B1B7 /* Release */ = {
			isa = XCBuildConfiguration;
			buildSettings = {
				ALWAYS_SEARCH_USER_PATHS = NO;
				CLANG_ANALYZER_NONNULL = YES;
				CLANG_ANALYZER_NUMBER_OBJECT_CONVERSION = YES_AGGRESSIVE;
				CLANG_CXX_LANGUAGE_STANDARD = "gnu++17";
				CLANG_CXX_LIBRARY = "libc++";
				CLANG_ENABLE_MODULES = YES;
				CLANG_ENABLE_OBJC_ARC = YES;
				CLANG_ENABLE_OBJC_WEAK = YES;
				CLANG_WARN_BLOCK_CAPTURE_AUTORELEASING = YES;
				CLANG_WARN_BOOL_CONVERSION = YES;
				CLANG_WARN_COMMA = YES;
				CLANG_WARN_CONSTANT_CONVERSION = YES;
				CLANG_WARN_DEPRECATED_OBJC_IMPLEMENTATIONS = YES;
				CLANG_WARN_DIRECT_OBJC_ISA_USAGE = YES_ERROR;
				CLANG_WARN_DOCUMENTATION_COMMENTS = YES;
				CLANG_WARN_EMPTY_BODY = YES;
				CLANG_WARN_ENUM_CONVERSION = YES;
				CLANG_WARN_INFINITE_RECURSION = YES;
				CLANG_WARN_INT_CONVERSION = YES;
				CLANG_WARN_NON_LITERAL_NULL_CONVERSION = YES;
				CLANG_WARN_OBJC_IMPLICIT_RETAIN_SELF = YES;
				CLANG_WARN_OBJC_LITERAL_CONVERSION = YES;
				CLANG_WARN_OBJC_ROOT_CLASS = YES_ERROR;
				CLANG_WARN_QUOTED_INCLUDE_IN_FRAMEWORK_HEADER = YES;
				CLANG_WARN_RANGE_LOOP_ANALYSIS = YES;
				CLANG_WARN_STRICT_PROTOTYPES = YES;
				CLANG_WARN_SUSPICIOUS_MOVE = YES;
				CLANG_WARN_UNGUARDED_AVAILABILITY = YES_AGGRESSIVE;
				CLANG_WARN_UNREACHABLE_CODE = YES;
				CLANG_WARN__DUPLICATE_METHOD_MATCH = YES;
				COPY_PHASE_STRIP = NO;
				DEBUG_INFORMATION_FORMAT = "dwarf-with-dsym";
				ENABLE_NS_ASSERTIONS = NO;
				ENABLE_STRICT_OBJC_MSGSEND = YES;
				GCC_C_LANGUAGE_STANDARD = gnu11;
				GCC_NO_COMMON_BLOCKS = YES;
				GCC_WARN_64_TO_32_BIT_CONVERSION = YES;
				GCC_WARN_ABOUT_RETURN_TYPE = YES_ERROR;
				GCC_WARN_UNDECLARED_SELECTOR = YES;
				GCC_WARN_UNINITIALIZED_AUTOS = YES_AGGRESSIVE;
				GCC_WARN_UNUSED_FUNCTION = YES;
				GCC_WARN_UNUSED_VARIABLE = YES;
				IPHONEOS_DEPLOYMENT_TARGET = 15.2;
				MTL_ENABLE_DEBUG_INFO = NO;
				MTL_FAST_MATH = YES;
				SDKROOT = iphoneos;
				SWIFT_COMPILATION_MODE = wholemodule;
				SWIFT_OPTIMIZATION_LEVEL = "-O";
				VALIDATE_PRODUCT = YES;
			};
			name = Release;
		};
		39D6F65C27853E190096B1B7 /* Debug */ = {
			isa = XCBuildConfiguration;
			buildSettings = {
				ASSETCATALOG_COMPILER_APPICON_NAME = AppIcon;
				ASSETCATALOG_COMPILER_GLOBAL_ACCENT_COLOR_NAME = AccentColor;
				CODE_SIGN_STYLE = Automatic;
				CURRENT_PROJECT_VERSION = 1;
				DEVELOPMENT_TEAM = 39HJSD7HRQ;
				GENERATE_INFOPLIST_FILE = YES;
				INFOPLIST_FILE = FoodWiki/Info.plist;
				INFOPLIST_KEY_UIApplicationSupportsIndirectInputEvents = YES;
				INFOPLIST_KEY_UILaunchStoryboardName = LaunchScreen;
				INFOPLIST_KEY_UIMainStoryboardFile = Main;
				INFOPLIST_KEY_UISupportedInterfaceOrientations = UIInterfaceOrientationPortrait;
				INFOPLIST_KEY_UISupportedInterfaceOrientations_iPad = "UIInterfaceOrientationPortrait UIInterfaceOrientationPortraitUpsideDown UIInterfaceOrientationLandscapeLeft UIInterfaceOrientationLandscapeRight";
				INFOPLIST_KEY_UISupportedInterfaceOrientations_iPhone = "UIInterfaceOrientationPortrait UIInterfaceOrientationLandscapeLeft UIInterfaceOrientationLandscapeRight";
				LD_RUNPATH_SEARCH_PATHS = (
					"$(inherited)",
					"@executable_path/Frameworks",
				);
				MARKETING_VERSION = 1.0;
				PRODUCT_BUNDLE_IDENTIFIER = com.prasad.FoodWiki;
				PRODUCT_NAME = "$(TARGET_NAME)";
				SWIFT_EMIT_LOC_STRINGS = YES;
				SWIFT_VERSION = 5.0;
				TARGETED_DEVICE_FAMILY = 1;
			};
			name = Debug;
		};
		39D6F65D27853E190096B1B7 /* Release */ = {
			isa = XCBuildConfiguration;
			buildSettings = {
				ASSETCATALOG_COMPILER_APPICON_NAME = AppIcon;
				ASSETCATALOG_COMPILER_GLOBAL_ACCENT_COLOR_NAME = AccentColor;
				CODE_SIGN_STYLE = Automatic;
				CURRENT_PROJECT_VERSION = 1;
				DEVELOPMENT_TEAM = 39HJSD7HRQ;
				GENERATE_INFOPLIST_FILE = YES;
				INFOPLIST_FILE = FoodWiki/Info.plist;
				INFOPLIST_KEY_UIApplicationSupportsIndirectInputEvents = YES;
				INFOPLIST_KEY_UILaunchStoryboardName = LaunchScreen;
				INFOPLIST_KEY_UIMainStoryboardFile = Main;
				INFOPLIST_KEY_UISupportedInterfaceOrientations = UIInterfaceOrientationPortrait;
				INFOPLIST_KEY_UISupportedInterfaceOrientations_iPad = "UIInterfaceOrientationPortrait UIInterfaceOrientationPortraitUpsideDown UIInterfaceOrientationLandscapeLeft UIInterfaceOrientationLandscapeRight";
				INFOPLIST_KEY_UISupportedInterfaceOrientations_iPhone = "UIInterfaceOrientationPortrait UIInterfaceOrientationLandscapeLeft UIInterfaceOrientationLandscapeRight";
				LD_RUNPATH_SEARCH_PATHS = (
					"$(inherited)",
					"@executable_path/Frameworks",
				);
				MARKETING_VERSION = 1.0;
				PRODUCT_BUNDLE_IDENTIFIER = com.prasad.FoodWiki;
				PRODUCT_NAME = "$(TARGET_NAME)";
				SWIFT_EMIT_LOC_STRINGS = YES;
				SWIFT_VERSION = 5.0;
				TARGETED_DEVICE_FAMILY = 1;
			};
			name = Release;
		};
		39D6F65F27853E190096B1B7 /* Debug */ = {
			isa = XCBuildConfiguration;
			buildSettings = {
				ALWAYS_EMBED_SWIFT_STANDARD_LIBRARIES = YES;
				BUNDLE_LOADER = "$(TEST_HOST)";
				CODE_SIGN_STYLE = Automatic;
				CURRENT_PROJECT_VERSION = 1;
				DEVELOPMENT_TEAM = 39HJSD7HRQ;
				GENERATE_INFOPLIST_FILE = YES;
				IPHONEOS_DEPLOYMENT_TARGET = 15.2;
				MARKETING_VERSION = 1.0;
				PRODUCT_BUNDLE_IDENTIFIER = com.prasad.FoodWikiTests;
				PRODUCT_NAME = "$(TARGET_NAME)";
				SWIFT_EMIT_LOC_STRINGS = NO;
				SWIFT_VERSION = 5.0;
				TARGETED_DEVICE_FAMILY = "1,2";
				TEST_HOST = "$(BUILT_PRODUCTS_DIR)/FoodWiki.app/FoodWiki";
			};
			name = Debug;
		};
		39D6F66027853E190096B1B7 /* Release */ = {
			isa = XCBuildConfiguration;
			buildSettings = {
				ALWAYS_EMBED_SWIFT_STANDARD_LIBRARIES = YES;
				BUNDLE_LOADER = "$(TEST_HOST)";
				CODE_SIGN_STYLE = Automatic;
				CURRENT_PROJECT_VERSION = 1;
				DEVELOPMENT_TEAM = 39HJSD7HRQ;
				GENERATE_INFOPLIST_FILE = YES;
				IPHONEOS_DEPLOYMENT_TARGET = 15.2;
				MARKETING_VERSION = 1.0;
				PRODUCT_BUNDLE_IDENTIFIER = com.prasad.FoodWikiTests;
				PRODUCT_NAME = "$(TARGET_NAME)";
				SWIFT_EMIT_LOC_STRINGS = NO;
				SWIFT_VERSION = 5.0;
				TARGETED_DEVICE_FAMILY = "1,2";
				TEST_HOST = "$(BUILT_PRODUCTS_DIR)/FoodWiki.app/FoodWiki";
			};
			name = Release;
		};
		39D6F66227853E190096B1B7 /* Debug */ = {
			isa = XCBuildConfiguration;
			buildSettings = {
				ALWAYS_EMBED_SWIFT_STANDARD_LIBRARIES = YES;
				CODE_SIGN_STYLE = Automatic;
				CURRENT_PROJECT_VERSION = 1;
				DEVELOPMENT_TEAM = 39HJSD7HRQ;
				GENERATE_INFOPLIST_FILE = YES;
				MARKETING_VERSION = 1.0;
				PRODUCT_BUNDLE_IDENTIFIER = com.prasad.FoodWikiUITests;
				PRODUCT_NAME = "$(TARGET_NAME)";
				SWIFT_EMIT_LOC_STRINGS = NO;
				SWIFT_VERSION = 5.0;
				TARGETED_DEVICE_FAMILY = "1,2";
				TEST_TARGET_NAME = FoodWiki;
			};
			name = Debug;
		};
		39D6F66327853E190096B1B7 /* Release */ = {
			isa = XCBuildConfiguration;
			buildSettings = {
				ALWAYS_EMBED_SWIFT_STANDARD_LIBRARIES = YES;
				CODE_SIGN_STYLE = Automatic;
				CURRENT_PROJECT_VERSION = 1;
				DEVELOPMENT_TEAM = 39HJSD7HRQ;
				GENERATE_INFOPLIST_FILE = YES;
				MARKETING_VERSION = 1.0;
				PRODUCT_BUNDLE_IDENTIFIER = com.prasad.FoodWikiUITests;
				PRODUCT_NAME = "$(TARGET_NAME)";
				SWIFT_EMIT_LOC_STRINGS = NO;
				SWIFT_VERSION = 5.0;
				TARGETED_DEVICE_FAMILY = "1,2";
				TEST_TARGET_NAME = FoodWiki;
			};
			name = Release;
		};
/* End XCBuildConfiguration section */

/* Begin XCConfigurationList section */
		39D6F62C27853E170096B1B7 /* Build configuration list for PBXProject "FoodWiki" */ = {
			isa = XCConfigurationList;
			buildConfigurations = (
				39D6F65927853E190096B1B7 /* Debug */,
				39D6F65A27853E190096B1B7 /* Release */,
			);
			defaultConfigurationIsVisible = 0;
			defaultConfigurationName = Release;
		};
		39D6F65B27853E190096B1B7 /* Build configuration list for PBXNativeTarget "FoodWiki" */ = {
			isa = XCConfigurationList;
			buildConfigurations = (
				39D6F65C27853E190096B1B7 /* Debug */,
				39D6F65D27853E190096B1B7 /* Release */,
			);
			defaultConfigurationIsVisible = 0;
			defaultConfigurationName = Release;
		};
		39D6F65E27853E190096B1B7 /* Build configuration list for PBXNativeTarget "FoodWikiTests" */ = {
			isa = XCConfigurationList;
			buildConfigurations = (
				39D6F65F27853E190096B1B7 /* Debug */,
				39D6F66027853E190096B1B7 /* Release */,
			);
			defaultConfigurationIsVisible = 0;
			defaultConfigurationName = Release;
		};
		39D6F66127853E190096B1B7 /* Build configuration list for PBXNativeTarget "FoodWikiUITests" */ = {
			isa = XCConfigurationList;
			buildConfigurations = (
				39D6F66227853E190096B1B7 /* Debug */,
				39D6F66327853E190096B1B7 /* Release */,
			);
			defaultConfigurationIsVisible = 0;
			defaultConfigurationName = Release;
		};
/* End XCConfigurationList section */
	};
	rootObject = 39D6F62927853E160096B1B7 /* Project object */;
}
